
Microsoft Visual Studio Solution File, Format Version 12.00
# Visual Studio Version 16
VisualStudioVersion = 16.0.32510.428
MinimumVisualStudioVersion = 10.0.40219.1
Project("{FAE04EC0-301F-11D3-BF4B-00C04F79EFBC}") = "Tarea1_4.Android", "Tarea1_4\Tarea1_4.Android\Tarea1_4.Android.csproj", "{340DE95D-CCCD-4E3F-B808-F94CD54AEEDE}"
EndProject
Project("{FAE04EC0-301F-11D3-BF4B-00C04F79EFBC}") = "Tarea1_4", "Tarea1_4\Tarea1_4\Tarea1_4.csproj", "{FEC780A9-CBBE-4DA8-8EBB-009B6810B8C9}"
EndProject
Global
	GlobalSection(SolutionConfigurationPlatforms) = preSolution
		Debug|Any CPU = Debug|Any CPU
		Release|Any CPU = Release|Any CPU
	EndGlobalSection
	GlobalSection(ProjectConfigurationPlatforms) = postSolution
		{340DE95D-CCCD-4E3F-B808-F94CD54AEEDE}.Debug|Any CPU.ActiveCfg = Debug|Any CPU
		{340DE95D-CCCD-4E3F-B808-F94CD54AEEDE}.Debug|Any CPU.Build.0 = Debug|Any CPU
		{340DE95D-CCCD-4E3F-B808-F94CD54AEEDE}.Debug|Any CPU.Deploy.0 = Debug|Any CPU
		{340DE95D-CCCD-4E3F-B808-F94CD54AEEDE}.Release|Any CPU.ActiveCfg = Release|Any CPU
		{340DE95D-CCCD-4E3F-B808-F94CD54AEEDE}.Release|Any CPU.Build.0 = Release|Any CPU
		{340DE95D-CCCD-4E3F-B808-F94CD54AEEDE}.Release|Any CPU.Deploy.0 = Release|Any CPU
		{FEC780A9-CBBE-4DA8-8EBB-009B6810B8C9}.Debug|Any CPU.ActiveCfg = Debug|Any CPU
		{FEC780A9-CBBE-4DA8-8EBB-009B6810B8C9}.Debug|Any CPU.Build.0 = Debug|Any CPU
		{FEC780A9-CBBE-4DA8-8EBB-009B6810B8C9}.Debug|Any CPU.Deploy.0 = Debug|Any CPU
		{FEC780A9-CBBE-4DA8-8EBB-009B6810B8C9}.Release|Any CPU.ActiveCfg = Release|Any CPU
		{FEC780A9-CBBE-4DA8-8EBB-009B6810B8C9}.Release|Any CPU.Build.0 = Release|Any CPU
		{FEC780A9-CBBE-4DA8-8EBB-009B6810B8C9}.Release|Any CPU.Deploy.0 = Release|Any CPU
	EndGlobalSection
	GlobalSection(SolutionProperties) = preSolution
		HideSolutionNode = FALSE
	EndGlobalSection
	GlobalSection(ExtensibilityGlobals) = postSolution
		SolutionGuid = {855B8AEA-4B58-4897-9477-E6077A361341}
	EndGlobalSection
EndGlobal
